{
  "nodes": {
    "flake-utils": {
      "locked": {
        "lastModified": 1676283394,
        "narHash": "sha256-XX2f9c3iySLCw54rJ/CZs+ZK6IQy7GXNY4nSOyu2QG4=",
        "owner": "numtide",
        "repo": "flake-utils",
        "rev": "3db36a8b464d0c4532ba1c7dda728f4576d6d073",
        "type": "github"
      },
      "original": {
        "owner": "numtide",
        "repo": "flake-utils",
        "type": "github"
      }
    },
    "flake-utils_2": {
      "locked": {
        "lastModified": 1678901627,
        "narHash": "sha256-U02riOqrKKzwjsxc/400XnElV+UtPUQWpANPlyazjH0=",
        "owner": "numtide",
        "repo": "flake-utils",
        "rev": "93a2b84fc4b70d9e089d029deacc3583435c2ed6",
        "type": "github"
      },
      "original": {
        "owner": "numtide",
        "repo": "flake-utils",
        "type": "github"
      }
    },
    "home-manager": {
      "inputs": {
        "nixpkgs": [
          "nixpkgs"
        ],
        "utils": "utils"
      },
      "locked": {
        "lastModified": 1678673526,
        "narHash": "sha256-tMI1inGT9u4KWQml0w30dhWqQPlth1e9K/68sfDkEQA=",
        "owner": "nix-community",
        "repo": "home-manager",
        "rev": "74e0b590c0c8eb99548b8db40c323ff61a2f37c4",
        "type": "github"
      },
      "original": {
        "owner": "nix-community",
        "ref": "release-22.11",
        "repo": "home-manager",
        "type": "github"
      }
    },
    "icamerasrc-src": {
      "flake": false,
      "locked": {
        "lastModified": 1678357247,
        "narHash": "sha256-j8ZYe4nyy5yfo10CGeXDwbAaAPvdr0ptMWB8hQDyESQ=",
        "owner": "intel",
        "repo": "icamerasrc",
        "rev": "17841ab6249aaa69bd9b3959262bf182dee74111",
        "type": "github"
      },
      "original": {
        "owner": "intel",
        "ref": "icamerasrc_slim_api",
        "repo": "icamerasrc",
        "type": "github"
      }
    },
    "ipu6-camera-bins-src": {
      "flake": false,
      "locked": {
        "lastModified": 1675854346,
        "narHash": "sha256-QnedM2UBbGyd2wIF762Mi+VkDZYtC6MifK4XGGxlUzw=",
        "owner": "intel",
        "repo": "ipu6-camera-bins",
        "rev": "276859fc6de83918a32727d676985ec40f31af2b",
        "type": "github"
      },
      "original": {
        "owner": "intel",
        "repo": "ipu6-camera-bins",
        "type": "github"
      }
    },
    "ipu6-camera-hal-src": {
      "flake": false,
      "locked": {
        "lastModified": 1675854593,
        "narHash": "sha256-AePL7IqoOhlxhfPRLpCman5DNh3wYS4MUcLgmgBUcCM=",
        "owner": "intel",
        "repo": "ipu6-camera-hal",
        "rev": "884b81aae0ea19a974eb8ccdaeef93038136bdd4",
        "type": "github"
      },
      "original": {
        "owner": "intel",
        "repo": "ipu6-camera-hal",
        "type": "github"
      }
    },
    "ipu6-drivers-src": {
      "flake": false,
      "locked": {
        "lastModified": 1676860321,
        "narHash": "sha256-TKo04+fqY64SdDuWApuzRXBnaAW2DReubwFRsdfJMWM=",
        "owner": "intel",
        "repo": "ipu6-drivers",
        "rev": "dfedab03f3856010d37968cb384696038c73c984",
        "type": "github"
      },
      "original": {
        "owner": "intel",
        "repo": "ipu6-drivers",
        "type": "github"
      }
    },
    "ipu6-nix": {
      "inputs": {
        "flake-utils": "flake-utils",
        "icamerasrc-src": "icamerasrc-src",
        "ipu6-camera-bins-src": "ipu6-camera-bins-src",
        "ipu6-camera-hal-src": "ipu6-camera-hal-src",
        "ipu6-drivers-src": "ipu6-drivers-src",
        "ivsc-driver-src": "ivsc-driver-src",
        "ivsc-firmware-src": "ivsc-firmware-src",
        "nixpkgs": "nixpkgs"
      },
      "locked": {
        "lastModified": 1678878647,
        "narHash": "sha256-X2SoCQM9fnBMph0QTFVSneqrw4BNsviYlUz3DkPURsI=",
        "owner": "dewaldv",
        "repo": "ipu6-nix",
        "rev": "c33af1ec931042ded8f696be6288933e2abfcde5",
        "type": "github"
      },
      "original": {
        "owner": "dewaldv",
        "repo": "ipu6-nix",
        "type": "github"
      }
    },
    "ivsc-driver-src": {
      "flake": false,
      "locked": {
        "lastModified": 1678435212,
        "narHash": "sha256-OM9PljvaMKrk72BFeSCqaABFeAws+tOdd3oC2jyNreE=",
        "owner": "intel",
        "repo": "ivsc-driver",
        "rev": "c8db12b907e2e455d4d5586e5812d1ae0eebd571",
        "type": "github"
      },
      "original": {
        "owner": "intel",
        "repo": "ivsc-driver",
        "type": "github"
      }
    },
    "ivsc-firmware-src": {
      "flake": false,
      "locked": {
        "lastModified": 1667355668,
        "narHash": "sha256-GuD1oTnDEs0HslJjXx26DkVQIe0eS+js4UoaTDa77ME=",
        "owner": "intel",
        "repo": "ivsc-firmware",
        "rev": "29c5eff4cdaf83e90ef2dcd2035a9cdff6343430",
        "type": "github"
      },
      "original": {
        "owner": "intel",
        "repo": "ivsc-firmware",
        "type": "github"
      }
    },
    "nixos-hardware": {
      "locked": {
        "lastModified": 1679224149,
        "narHash": "sha256-TSY37Zv0icF/aijR3/KWGLVBlnKKHlG9QTj7vHbF/UU=",
        "owner": "nixos",
        "repo": "nixos-hardware",
        "rev": "a4bc66709604ab78abc575b60baa6d23ae027a59",
        "type": "github"
      },
      "original": {
        "owner": "nixos",
        "repo": "nixos-hardware",
        "type": "github"
      }
    },
    "nixpkgs": {
      "locked": {
        "lastModified": 1678703398,
        "narHash": "sha256-Y1mW3dBsoWLHpYm+UIHb5VZ7rx024NNHaF16oZBx++o=",
        "owner": "nixos",
        "repo": "nixpkgs",
        "rev": "67f26c1cfc5d5783628231e776a81c1ade623e0b",
        "type": "github"
      },
      "original": {
        "owner": "nixos",
        "ref": "nixos-22.11",
        "repo": "nixpkgs",
        "type": "github"
      }
    },
    "nixpkgs-dewaldv": {
      "inputs": {
        "flake-utils": "flake-utils_2",
        "nixpkgs": "nixpkgs_3"
      },
      "locked": {
        "lastModified": 1679344159,
        "narHash": "sha256-XbuauJS74Ht3ILH1c0dzQoVtvk5DAhe2V/ZzNyt5QnA=",
        "owner": "dewaldv",
        "repo": "nixpkgs",
        "rev": "31c0b310bc0a8567021398cc70ef967760564af8",
        "type": "github"
      },
      "original": {
        "owner": "dewaldv",
        "repo": "nixpkgs",
        "type": "github"
      }
    },
    "nixpkgs-unstable": {
      "locked": {
        "lastModified": 1678875422,
        "narHash": "sha256-T3o6NcQPwXjxJMn2shz86Chch4ljXgZn746c2caGxd8=",
        "owner": "nixos",
        "repo": "nixpkgs",
        "rev": "126f49a01de5b7e35a43fd43f891ecf6d3a51459",
        "type": "github"
      },
      "original": {
        "owner": "nixos",
        "ref": "nixpkgs-unstable",
        "repo": "nixpkgs",
        "type": "github"
      }
    },
    "nixpkgs_2": {
      "locked": {
        "lastModified": 1678872516,
        "narHash": "sha256-/E1YwtMtFAu2KUQKV/1+KFuReYPANM2Rzehk84VxVoc=",
        "owner": "nixos",
        "repo": "nixpkgs",
        "rev": "9b8e5abb18324c7fe9f07cb100c3cd4a29cda8b8",
        "type": "github"
      },
      "original": {
        "owner": "nixos",
        "ref": "nixos-22.11",
        "repo": "nixpkgs",
        "type": "github"
      }
    },
    "nixpkgs_3": {
      "locked": {
        "lastModified": 1679319606,
        "narHash": "sha256-wyEMIZB6BnsmJWInEgDZu66hXVMGJEZFl5uDsn27f9M=",
        "owner": "NixOS",
        "repo": "nixpkgs",
        "rev": "8bc6945b1224a1cfa679d6801580b1054dba1a5c",
        "type": "github"
      },
      "original": {
        "id": "nixpkgs",
        "type": "indirect"
      }
    },
    "root": {
      "inputs": {
        "home-manager": "home-manager",
        "ipu6-nix": "ipu6-nix",
        "nixos-hardware": "nixos-hardware",
        "nixpkgs": "nixpkgs_2",
        "nixpkgs-dewaldv": "nixpkgs-dewaldv",
        "nixpkgs-unstable": "nixpkgs-unstable"
      }
    },
    "utils": {
      "locked": {
        "lastModified": 1667395993,
        "narHash": "sha256-nuEHfE/LcWyuSWnS8t12N1wc105Qtau+/OdUAjtQ0rA=",
        "owner": "numtide",
        "repo": "flake-utils",
        "rev": "5aed5285a952e0b949eb3ba02c12fa4fcfef535f",
        "type": "github"
      },
      "original": {
        "owner": "numtide",
        "repo": "flake-utils",
        "type": "github"
      }
    }
  },
  "root": "root",
  "version": 7
}
