{
  "nodes": {
    "agenix": {
      "inputs": {
        "darwin": [
          "nixos-private"
        ],
        "home-manager": [
          "nixos-private",
          "home-manager"
        ],
        "nixpkgs": [
          "nixos-private",
          "nixpkgs"
        ],
        "systems": "systems"
      },
      "locked": {
        "lastModified": 1770165109,
        "narHash": "sha256-9VnK6Oqai65puVJ4WYtCTvlJeXxMzAp/69HhQuTdl/I=",
        "owner": "ryantm",
        "repo": "agenix",
        "rev": "b027ee29d959fda4b60b57566d64c98a202e0feb",
        "type": "github"
      },
      "original": {
        "owner": "ryantm",
        "repo": "agenix",
        "type": "github"
      }
    },
    "disko": {
      "inputs": {
        "nixpkgs": [
          "nixpkgs"
        ]
      },
      "locked": {
        "lastModified": 1777713215,
        "narHash": "sha256-8GzXDOXckDWwST8TY5DbwYFjdvQLlP7K9CLSVx6iTTo=",
        "owner": "nix-community",
        "repo": "disko",
        "rev": "63b4e7e6cf75307c1d26ac3762b886b5b0247267",
        "type": "github"
      },
      "original": {
        "owner": "nix-community",
        "repo": "disko",
        "type": "github"
      }
    },
    "home-manager": {
      "inputs": {
        "nixpkgs": [
          "nixpkgs"
        ]
      },
      "locked": {
        "lastModified": 1778606796,
        "narHash": "sha256-P2krpSkFVYJ89bgsnAZ9RtQiGwiTW77sfSJp9SEDscM=",
        "owner": "nix-community",
        "repo": "home-manager",
        "rev": "e1fd7350f4410972bcb8c42a697d8c924ffe642a",
        "type": "github"
      },
      "original": {
        "owner": "nix-community",
        "ref": "release-25.11",
        "repo": "home-manager",
        "type": "github"
      }
    },
    "nix-darwin": {
      "inputs": {
        "nixpkgs": [
          "nixpkgs"
        ]
      },
      "locked": {
        "lastModified": 1772129556,
        "narHash": "sha256-Utk0zd8STPsUJPyjabhzPc5BpPodLTXrwkpXBHYnpeg=",
        "owner": "nix-darwin",
        "repo": "nix-darwin",
        "rev": "ebec37af18215214173c98cf6356d0aca24a2585",
        "type": "github"
      },
      "original": {
        "owner": "nix-darwin",
        "ref": "nix-darwin-25.11",
        "repo": "nix-darwin",
        "type": "github"
      }
    },
    "nixos-hardware": {
      "locked": {
        "lastModified": 1778593042,
        "narHash": "sha256-xYGrSg6354UK2K4WSQd4+TfyvfqmvFbSY+ZtGQUXK0c=",
        "owner": "nixos",
        "repo": "nixos-hardware",
        "rev": "9bd7c80d43e258aaa607d83b43661df11444d808",
        "type": "github"
      },
      "original": {
        "owner": "nixos",
        "repo": "nixos-hardware",
        "type": "github"
      }
    },
    "nixos-private": {
      "inputs": {
        "agenix": "agenix",
        "home-manager": [
          "home-manager"
        ],
        "nixpkgs": [
          "nixpkgs"
        ]
      },
      "locked": {
        "lastModified": 1779103784,
        "narHash": "sha256-tGztJQZAotjBmOJ3jalyrj0d/AayaMXDghgdD90NsgA=",
        "ref": "refs/heads/main",
        "rev": "47c7dbd254cf5f4d86b3bc14a8c02dc1e21e41ea",
        "revCount": 20,
        "type": "git",
        "url": "ssh://git@github.com/dewaldv/nixos-private"
      },
      "original": {
        "type": "git",
        "url": "ssh://git@github.com/dewaldv/nixos-private"
      }
    },
    "nixpkgs": {
      "locked": {
        "lastModified": 1778737229,
        "narHash": "sha256-6xWoytx8jFW4PF1GjRm/i/53trbpKGfz6zjzQGBr4cI=",
        "owner": "nixos",
        "repo": "nixpkgs",
        "rev": "d7a713c0b7e47c908258e71cba7a2d77cc8d71d5",
        "type": "github"
      },
      "original": {
        "owner": "nixos",
        "ref": "nixos-25.11",
        "repo": "nixpkgs",
        "type": "github"
      }
    },
    "nixpkgs-unstable": {
      "locked": {
        "lastModified": 1778794387,
        "narHash": "sha256-BL04pOS9453Awkeb9f90XBJXBSkWxN+vB7HIgnL0iMM=",
        "owner": "nixos",
        "repo": "nixpkgs",
        "rev": "8a1b0127302ea51e05bf4ea5a291743fac442406",
        "type": "github"
      },
      "original": {
        "owner": "nixos",
        "ref": "nixpkgs-unstable",
        "repo": "nixpkgs",
        "type": "github"
      }
    },
    "root": {
      "inputs": {
        "disko": "disko",
        "home-manager": "home-manager",
        "nix-darwin": "nix-darwin",
        "nixos-hardware": "nixos-hardware",
        "nixos-private": "nixos-private",
        "nixpkgs": "nixpkgs",
        "nixpkgs-unstable": "nixpkgs-unstable"
      }
    },
    "systems": {
      "locked": {
        "lastModified": 1681028828,
        "narHash": "sha256-Vy1rq5AaRuLzOxct8nz4T6wlgyUR7zLU309k9mBC768=",
        "owner": "nix-systems",
        "repo": "default",
        "rev": "da67096a3b9bf56a91d16901293e51ba5b49a27e",
        "type": "github"
      },
      "original": {
        "owner": "nix-systems",
        "repo": "default",
        "type": "github"
      }
    }
  },
  "root": "root",
  "version": 7
}
